{
  "originHash" : "f14c5ea7a721732a53724888d63dd443c78a75163f7fea951830077510ac1ea7",
  "pins" : [
    {
      "identity" : "anisettekit",
      "kind" : "remoteSourceControl",
      "location" : "https://github.com/mahee96/AnisetteKit.git",
      "state" : {
        "branch" : "main",
        "revision" : "1f5a7e36553cc865b873f222b87a6486c0bcc7bf"
      }
    },
    {
      "identity" : "big-num",
      "kind" : "remoteSourceControl",
      "location" : "https://github.com/adam-fowler/big-num",
      "state" : {
        "revision" : "9059dcab8dd001b8143bc512b4477d079e97957f",
        "version" : "2.0.3"
      }
    },
    {
      "identity" : "codesignkit",
      "kind" : "remoteSourceControl",
      "location" : "https://github.com/mahee96/CodeSignKit.git",
      "state" : {
        "branch" : "main",
        "revision" : "d0c67710fda9a2646b9e829cb2cf443892728371"
      }
    },
    {
      "identity" : "cryptoswift",
      "kind" : "remoteSourceControl",
      "location" : "https://github.com/krzyzanowskim/CryptoSwift",
      "state" : {
        "revision" : "f2a627b84c1ff96f21ac2fcb623ab36142dd5512",
        "version" : "1.10.0"
      }
    },
    {
      "identity" : "gsacryptokit",
      "kind" : "remoteSourceControl",
      "location" : "https://github.com/mahee96/GSACryptoKit.git",
      "state" : {
        "branch" : "main",
        "revision" : "eae2590eaf17fe98ce9c76b3ec2bd42b780eb123"
      }
    },
    {
      "identity" : "libdeflate",
      "kind" : "remoteSourceControl",
      "location" : "https://github.com/SideStore/libdeflate",
      "state" : {
        "branch" : "master",
        "revision" : "da6c7dae03b78dc71af973664575e4209786fbfe"
      }
    },
    {
      "identity" : "openssl",
      "kind" : "remoteSourceControl",
      "location" : "https://github.com/krzyzanowskim/OpenSSL",
      "state" : {
        "revision" : "4b1188ba947ddc23d03b13096b9e44b804e146c9",
        "version" : "3.6.3000"
      }
    },
    {
      "identity" : "sidesign",
      "kind" : "remoteSourceControl",
      "location" : "https://github.com/SideStore/SideSign",
      "state" : {
        "revision" : "df2b8e4257454f0c7629276d409d6e9d7953fdf6"
      }
    },
    {
      "identity" : "stossign",
      "kind" : "remoteSourceControl",
      "location" : "https://github.com/stossy11/StosSign",
      "state" : {
        "branch" : "main",
        "revision" : "01dd7bc4f5084ade9e2ebbc7e338dc2e3f454d77"
      }
    },
    {
      "identity" : "swift-asn1",
      "kind" : "remoteSourceControl",
      "location" : "https://github.com/apple/swift-asn1.git",
      "state" : {
        "revision" : "9f542610331815e29cc3821d3b6f488db8715517",
        "version" : "1.6.0"
      }
    },
    {
      "identity" : "swift-certificates",
      "kind" : "remoteSourceControl",
      "location" : "https://github.com/apple/swift-certificates.git",
      "state" : {
        "revision" : "c8aece90ea05f9866bd392a5bf13b5cae56c0e03",
        "version" : "1.20.0"
      }
    },
    {
      "identity" : "swift-crypto",
      "kind" : "remoteSourceControl",
      "location" : "https://github.com/apple/swift-crypto",
      "state" : {
        "revision" : "bb4ba815dab96d4edc1e0b86d7b9acf9ff973a84",
        "version" : "4.3.1"
      }
    },
    {
      "identity" : "swift-srp",
      "kind" : "remoteSourceControl",
      "location" : "https://github.com/adam-fowler/swift-srp.git",
      "state" : {
        "revision" : "ce202c48f8ca68f44b71732f945eb8221d6fe135"
      }
    }
  ],
  "version" : 3
}
